
Microsoft Visual Studio Solution File, Format Version 12.00
# Visual Studio Version 17
VisualStudioVersion = 17.7.34031.279
MinimumVisualStudioVersion = 10.0.40219.1
Project("{FAE04EC0-301F-11D3-BF4B-00C04F79EFBC}") = "dvargasSemana2", "dvargasSemana2.csproj", "{FB387236-CB74-48B2-8C4B-7E881280997A}"
EndProject
Global
	GlobalSection(SolutionConfigurationPlatforms) = preSolution
		Debug|Any CPU = Debug|Any CPU
		Release|Any CPU = Release|Any CPU
	EndGlobalSection
	GlobalSection(ProjectConfigurationPlatforms) = postSolution
		{FB387236-CB74-48B2-8C4B-7E881280997A}.Debug|Any CPU.ActiveCfg = Debug|Any CPU
		{FB387236-CB74-48B2-8C4B-7E881280997A}.Debug|Any CPU.Build.0 = Debug|Any CPU
		{FB387236-CB74-48B2-8C4B-7E881280997A}.Debug|Any CPU.Deploy.0 = Debug|Any CPU
		{FB387236-CB74-48B2-8C4B-7E881280997A}.Release|Any CPU.ActiveCfg = Release|Any CPU
		{FB387236-CB74-48B2-8C4B-7E881280997A}.Release|Any CPU.Build.0 = Release|Any CPU
		{FB387236-CB74-48B2-8C4B-7E881280997A}.Release|Any CPU.Deploy.0 = Release|Any CPU
	EndGlobalSection
	GlobalSection(SolutionProperties) = preSolution
		HideSolutionNode = FALSE
	EndGlobalSection
	GlobalSection(ExtensibilityGlobals) = postSolution
		SolutionGuid = {7A15586E-3EB6-4660-9CDB-8C20611B1E2D}
	EndGlobalSection
EndGlobal
